
Microsoft Visual Studio Solution File, Format Version 12.00
# Visual Studio Version 16
VisualStudioVersion = 16.0.29025.244
MinimumVisualStudioVersion = 10.0.40219.1
Project("{FAE04EC0-301F-11D3-BF4B-00C04F79EFBC}") = "Mistborn", "Mistborn.csproj", "{B331C30D-0799-433C-8563-FA7017180060}"
EndProject
Global
	GlobalSection(SolutionConfigurationPlatforms) = preSolution
		Debug|Any CPU = Debug|Any CPU
		Release|Any CPU = Release|Any CPU
	EndGlobalSection
	GlobalSection(ProjectConfigurationPlatforms) = postSolution
		{B331C30D-0799-433C-8563-FA7017180060}.Debug|Any CPU.ActiveCfg = Debug|Any CPU
		{B331C30D-0799-433C-8563-FA7017180060}.Debug|Any CPU.Build.0 = Debug|Any CPU
		{B331C30D-0799-433C-8563-FA7017180060}.Release|Any CPU.ActiveCfg = Release|Any CPU
		{B331C30D-0799-433C-8563-FA7017180060}.Release|Any CPU.Build.0 = Release|Any CPU
	EndGlobalSection
	GlobalSection(SolutionProperties) = preSolution
		HideSolutionNode = FALSE
	EndGlobalSection
	GlobalSection(ExtensibilityGlobals) = postSolution
		SolutionGuid = {226F43E8-2EAF-4964-A6C3-23BEE062B710}
	EndGlobalSection
EndGlobal
